{
  "originHash" : "4bbea0d3b72726fa4bd0f2e2af7ec8b45cdc1d533cb0a1a8a6dfdc1e577aac17",
  "pins" : [
    {
      "identity" : "base58",
      "kind" : "remoteSourceControl",
      "location" : "https://github.com/anquii/Base58.git",
      "state" : {
        "revision" : "7e4a1e4e6813c750ed2f9e80a0494c608eebb2ca",
        "version" : "1.0.1"
      }
    },
    {
      "identity" : "base58check",
      "kind" : "remoteSourceControl",
      "location" : "https://github.com/anquii/Base58Check.git",
      "state" : {
        "revision" : "f35a770ff7f3fd553cc44057f492c0107cc7b481",
        "version" : "1.0.1"
      }
    },
    {
      "identity" : "bigint",
      "kind" : "remoteSourceControl",
      "location" : "https://github.com/attaswift/BigInt.git",
      "state" : {
        "revision" : "0ed110f7555c34ff468e72e1686e59721f2b0da6",
        "version" : "5.3.0"
      }
    },
    {
      "identity" : "bip32",
      "kind" : "remoteSourceControl",
      "location" : "https://github.com/zeugmaster/BIP32.git",
      "state" : {
        "branch" : "main",
        "revision" : "1be94093fb7fe87dc0ccc8e2c041cc05218efff6"
      }
    },
    {
      "identity" : "bip39",
      "kind" : "remoteSourceControl",
      "location" : "https://github.com/pengpengliu/BIP39.git",
      "state" : {
        "revision" : "e79bd90275e50643cf8f97208ffa536d0def3ec7",
        "version" : "1.0.1"
      }
    },
    {
      "identity" : "cashuswift",
      "kind" : "remoteSourceControl",
      "location" : "https://github.com/zeugmaster/CashuSwift.git",
      "state" : {
        "branch" : "main",
        "revision" : "d703a9b2035d1240e4476d3c37d2cd967f0c3d75"
      }
    },
    {
      "identity" : "cryptoswiftwrapper",
      "kind" : "remoteSourceControl",
      "location" : "https://github.com/anquii/CryptoSwiftWrapper.git",
      "state" : {
        "revision" : "0d57e806de368b5d2364fabb7c789b48661ec90c",
        "version" : "1.4.3"
      }
    },
    {
      "identity" : "grdb.swift",
      "kind" : "remoteSourceControl",
      "location" : "https://github.com/groue/GRDB.swift.git",
      "state" : {
        "revision" : "2cf6c756e1e5ef6901ebae16576a7e4e4b834622",
        "version" : "6.29.3"
      }
    },
    {
      "identity" : "ndkswift",
      "kind" : "remoteSourceControl",
      "location" : "https://github.com/pablof7z/NDKSwift",
      "state" : {
        "revision" : "dba57b0108cde09d918f5699e94c09f80e82bb98"
      }
    },
    {
      "identity" : "ripemd160",
      "kind" : "remoteSourceControl",
      "location" : "https://github.com/anquii/RIPEMD160.git",
      "state" : {
        "revision" : "15679c6fe1f3ae32ec1bad63bcc45aa422954f01",
        "version" : "1.0.0"
      }
    },
    {
      "identity" : "swift-bigint",
      "kind" : "remoteSourceControl",
      "location" : "https://github.com/mkrd/Swift-BigInt.git",
      "state" : {
        "revision" : "b07e961f4c999671cf8c2dc80e740899e8946013",
        "version" : "2.3.0"
      }
    },
    {
      "identity" : "swift-secp256k1",
      "kind" : "remoteSourceControl",
      "location" : "https://github.com/zeugmaster/swift-secp256k1.git",
      "state" : {
        "branch" : "main",
        "revision" : "73cf2403b7a69de8efc612d251a6e0d01211e1c4"
      }
    },
    {
      "identity" : "swiftcbor",
      "kind" : "remoteSourceControl",
      "location" : "https://github.com/myfreeweb/SwiftCBOR.git",
      "state" : {
        "revision" : "04ccff117f6549121d5721ec84fdf0162122b90e",
        "version" : "0.5.0"
      }
    }
  ],
  "version" : 3
}
